// !$*UTF8*$!
{
	archiveVersion = 1;
	classes = {
	};
	objectVersion = 55;
	objects = {

/* Begin PBXBuildFile section */
		3A3F8311282EC74000A6BEF7 /* AppDelegate.swift in Sources */ = {isa = PBXBuildFile; fileRef = 3A3F8310282EC74000A6BEF7 /* AppDelegate.swift */; };
		3A3F8313282EC74000A6BEF7 /* SceneDelegate.swift in Sources */ = {isa = PBXBuildFile; fileRef = 3A3F8312282EC74000A6BEF7 /* SceneDelegate.swift */; };
		3A3F8315282EC74000A6BEF7 /* WelcomeVC.swift in Sources */ = {isa = PBXBuildFile; fileRef = 3A3F8314282EC74000A6BEF7 /* WelcomeVC.swift */; };
		3A3F831A282EC74600A6BEF7 /* Assets.xcassets in Resources */ = {isa = PBXBuildFile; fileRef = 3A3F8319282EC74600A6BEF7 /* Assets.xcassets */; };
		3A3F831D282EC74600A6BEF7 /* LaunchScreen.storyboard in Resources */ = {isa = PBXBuildFile; fileRef = 3A3F831B282EC74600A6BEF7 /* LaunchScreen.storyboard */; };
		3AF03E6D282F9C2E005EBCB9 /* RegistrationVC.swift in Sources */ = {isa = PBXBuildFile; fileRef = 3AF03E6C282F9C2E005EBCB9 /* RegistrationVC.swift */; };
		3AF03E6F282FA3FB005EBCB9 /* MountainPassListVC.swift in Sources */ = {isa = PBXBuildFile; fileRef = 3AF03E6E282FA3FB005EBCB9 /* MountainPassListVC.swift */; };
		3AF03E71282FA465005EBCB9 /* AddNewMountainPassVC.swift in Sources */ = {isa = PBXBuildFile; fileRef = 3AF03E70282FA465005EBCB9 /* AddNewMountainPassVC.swift */; };
/* End PBXBuildFile section */

/* Begin PBXFileReference section */
		3A3F830D282EC74000A6BEF7 /* PerevalApp.app */ = {isa = PBXFileReference; explicitFileType = wrapper.application; includeInIndex = 0; path = PerevalApp.app; sourceTree = BUILT_PRODUCTS_DIR; };
		3A3F8310282EC74000A6BEF7 /* AppDelegate.swift */ = {isa = PBXFileReference; lastKnownFileType = sourcecode.swift; path = AppDelegate.swift; sourceTree = "<group>"; };
		3A3F8312282EC74000A6BEF7 /* SceneDelegate.swift */ = {isa = PBXFileReference; lastKnownFileType = sourcecode.swift; path = SceneDelegate.swift; sourceTree = "<group>"; };
		3A3F8314282EC74000A6BEF7 /* WelcomeVC.swift */ = {isa = PBXFileReference; lastKnownFileType = sourcecode.swift; path = WelcomeVC.swift; sourceTree = "<group>"; };
		3A3F8319282EC74600A6BEF7 /* Assets.xcassets */ = {isa = PBXFileReference; lastKnownFileType = folder.assetcatalog; path = Assets.xcassets; sourceTree = "<group>"; };
		3A3F831C282EC74600A6BEF7 /* Base */ = {isa = PBXFileReference; lastKnownFileType = file.storyboard; name = Base; path = Base.lproj/LaunchScreen.storyboard; sourceTree = "<group>"; };
		3A3F831E282EC74600A6BEF7 /* Info.plist */ = {isa = PBXFileReference; lastKnownFileType = text.plist.xml; path = Info.plist; sourceTree = "<group>"; };
		3AF03E6C282F9C2E005EBCB9 /* RegistrationVC.swift */ = {isa = PBXFileReference; lastKnownFileType = sourcecode.swift; path = RegistrationVC.swift; sourceTree = "<group>"; };
		3AF03E6E282FA3FB005EBCB9 /* MountainPassListVC.swift */ = {isa = PBXFileReference; lastKnownFileType = sourcecode.swift; path = MountainPassListVC.swift; sourceTree = "<group>"; };
		3AF03E70282FA465005EBCB9 /* AddNewMountainPassVC.swift */ = {isa = PBXFileReference; lastKnownFileType = sourcecode.swift; path = AddNewMountainPassVC.swift; sourceTree = "<group>"; };
/* End PBXFileReference section */

/* Begin PBXFrameworksBuildPhase section */
		3A3F830A282EC74000A6BEF7 /* Frameworks */ = {
			isa = PBXFrameworksBuildPhase;
			buildActionMask = 2147483647;
			files = (
			);
			runOnlyForDeploymentPostprocessing = 0;
		};
/* End PBXFrameworksBuildPhase section */

/* Begin PBXGroup section */
		3A3F8304282EC74000A6BEF7 = {
			isa = PBXGroup;
			children = (
				3A3F830F282EC74000A6BEF7 /* PeakApp */,
				3A3F830E282EC74000A6BEF7 /* Products */,
			);
			sourceTree = "<group>";
		};
		3A3F830E282EC74000A6BEF7 /* Products */ = {
			isa = PBXGroup;
			children = (
				3A3F830D282EC74000A6BEF7 /* PerevalApp.app */,
			);
			name = Products;
			sourceTree = "<group>";
		};
		3A3F830F282EC74000A6BEF7 /* PeakApp */ = {
			isa = PBXGroup;
			children = (
				3AF03E69282ED20C005EBCB9 /* Application */,
				3AF03E6A282ED233005EBCB9 /* Controllers */,
				3AF03E6B282ED25D005EBCB9 /* Resources */,
			);
			path = PeakApp;
			sourceTree = "<group>";
		};
		3AF03E69282ED20C005EBCB9 /* Application */ = {
			isa = PBXGroup;
			children = (
				3A3F8310282EC74000A6BEF7 /* AppDelegate.swift */,
				3A3F8312282EC74000A6BEF7 /* SceneDelegate.swift */,
			);
			path = Application;
			sourceTree = "<group>";
		};
		3AF03E6A282ED233005EBCB9 /* Controllers */ = {
			isa = PBXGroup;
			children = (
				3A3F8314282EC74000A6BEF7 /* WelcomeVC.swift */,
				3AF03E6C282F9C2E005EBCB9 /* RegistrationVC.swift */,
				3AF03E6E282FA3FB005EBCB9 /* MountainPassListVC.swift */,
				3AF03E70282FA465005EBCB9 /* AddNewMountainPassVC.swift */,
			);
			path = Controllers;
			sourceTree = "<group>";
		};
		3AF03E6B282ED25D005EBCB9 /* Resources */ = {
			isa = PBXGroup;
			children = (
				3A3F8319282EC74600A6BEF7 /* Assets.xcassets */,
				3A3F831E282EC74600A6BEF7 /* Info.plist */,
				3A3F831B282EC74600A6BEF7 /* LaunchScreen.storyboard */,
			);
			path = Resources;
			sourceTree = "<group>";
		};
/* End PBXGroup section */

/* Begin PBXNativeTarget section */
		3A3F830C282EC74000A6BEF7 /* PerevalApp */ = {
			isa = PBXNativeTarget;
			buildConfigurationList = 3A3F8321282EC74600A6BEF7 /* Build configuration list for PBXNativeTarget "PerevalApp" */;
			buildPhases = (
				3A3F8309282EC74000A6BEF7 /* Sources */,
				3A3F830A282EC74000A6BEF7 /* Frameworks */,
				3A3F830B282EC74000A6BEF7 /* Resources */,
			);
			buildRules = (
			);
			dependencies = (
			);
			name = PerevalApp;
			productName = PeakApp;
			productReference = 3A3F830D282EC74000A6BEF7 /* PerevalApp.app */;
			productType = "com.apple.product-type.application";
		};
/* End PBXNativeTarget section */

/* Begin PBXProject section */
		3A3F8305282EC74000A6BEF7 /* Project object */ = {
			isa = PBXProject;
			attributes = {
				BuildIndependentTargetsInParallel = 1;
				LastSwiftUpdateCheck = 1330;
				LastUpgradeCheck = 1330;
				TargetAttributes = {
					3A3F830C282EC74000A6BEF7 = {
						CreatedOnToolsVersion = 13.3;
					};
				};
			};
			buildConfigurationList = 3A3F8308282EC74000A6BEF7 /* Build configuration list for PBXProject "PerevalApp" */;
			compatibilityVersion = "Xcode 13.0";
			developmentRegion = en;
			hasScannedForEncodings = 0;
			knownRegions = (
				en,
				Base,
			);
			mainGroup = 3A3F8304282EC74000A6BEF7;
			productRefGroup = 3A3F830E282EC74000A6BEF7 /* Products */;
			projectDirPath = "";
			projectRoot = "";
			targets = (
				3A3F830C282EC74000A6BEF7 /* PerevalApp */,
			);
		};
/* End PBXProject section */

/* Begin PBXResourcesBuildPhase section */
		3A3F830B282EC74000A6BEF7 /* Resources */ = {
			isa = PBXResourcesBuildPhase;
			buildActionMask = 2147483647;
			files = (
				3A3F831D282EC74600A6BEF7 /* LaunchScreen.storyboard in Resources */,
				3A3F831A282EC74600A6BEF7 /* Assets.xcassets in Resources */,
			);
			runOnlyForDeploymentPostprocessing = 0;
		};
/* End PBXResourcesBuildPhase section */

/* Begin PBXSourcesBuildPhase section */
		3A3F8309282EC74000A6BEF7 /* Sources */ = {
			isa = PBXSourcesBuildPhase;
			buildActionMask = 2147483647;
			files = (
				3A3F8315282EC74000A6BEF7 /* WelcomeVC.swift in Sources */,
				3A3F8311282EC74000A6BEF7 /* AppDelegate.swift in Sources */,
				3A3F8313282EC74000A6BEF7 /* SceneDelegate.swift in Sources */,
				3AF03E6D282F9C2E005EBCB9 /* RegistrationVC.swift in Sources */,
				3AF03E71282FA465005EBCB9 /* AddNewMountainPassVC.swift in Sources */,
				3AF03E6F282FA3FB005EBCB9 /* MountainPassListVC.swift in Sources */,
			);
			runOnlyForDeploymentPostprocessing = 0;
		};
/* End PBXSourcesBuildPhase section */

/* Begin PBXVariantGroup section */
		3A3F831B282EC74600A6BEF7 /* LaunchScreen.storyboard */ = {
			isa = PBXVariantGroup;
			children = (
				3A3F831C282EC74600A6BEF7 /* Base */,
			);
			name = LaunchScreen.storyboard;
			sourceTree = "<group>";
		};
/* End PBXVariantGroup section */

/* Begin XCBuildConfiguration section */
		3A3F831F282EC74600A6BEF7 /* Debug */ = {
			isa = XCBuildConfiguration;
			buildSettings = {
				ALWAYS_SEARCH_USER_PATHS = NO;
				CLANG_ANALYZER_NONNULL = YES;
				CLANG_ANALYZER_NUMBER_OBJECT_CONVERSION = YES_AGGRESSIVE;
				CLANG_CXX_LANGUAGE_STANDARD = "gnu++17";
				CLANG_ENABLE_MODULES = YES;
				CLANG_ENABLE_OBJC_ARC = YES;
				CLANG_ENABLE_OBJC_WEAK = YES;
				CLANG_WARN_BLOCK_CAPTURE_AUTORELEASING = YES;
				CLANG_WARN_BOOL_CONVERSION = YES;
				CLANG_WARN_COMMA = YES;
				CLANG_WARN_CONSTANT_CONVERSION = YES;
				CLANG_WARN_DEPRECATED_OBJC_IMPLEMENTATIONS = YES;
				CLANG_WARN_DIRECT_OBJC_ISA_USAGE = YES_ERROR;
				CLANG_WARN_DOCUMENTATION_COMMENTS = YES;
				CLANG_WARN_EMPTY_BODY = YES;
				CLANG_WARN_ENUM_CONVERSION = YES;
				CLANG_WARN_INFINITE_RECURSION = YES;
				CLANG_WARN_INT_CONVERSION = YES;
				CLANG_WARN_NON_LITERAL_NULL_CONVERSION = YES;
				CLANG_WARN_OBJC_IMPLICIT_RETAIN_SELF = YES;
				CLANG_WARN_OBJC_LITERAL_CONVERSION = YES;
				CLANG_WARN_OBJC_ROOT_CLASS = YES_ERROR;
				CLANG_WARN_QUOTED_INCLUDE_IN_FRAMEWORK_HEADER = YES;
				CLANG_WARN_RANGE_LOOP_ANALYSIS = YES;
				CLANG_WARN_STRICT_PROTOTYPES = YES;
				CLANG_WARN_SUSPICIOUS_MOVE = YES;
				CLANG_WARN_UNGUARDED_AVAILABILITY = YES_AGGRESSIVE;
				CLANG_WARN_UNREACHABLE_CODE = YES;
				CLANG_WARN__DUPLICATE_METHOD_MATCH = YES;
				COPY_PHASE_STRIP = NO;
				DEBUG_INFORMATION_FORMAT = dwarf;
				ENABLE_STRICT_OBJC_MSGSEND = YES;
				ENABLE_TESTABILITY = YES;
				GCC_C_LANGUAGE_STANDARD = gnu11;
				GCC_DYNAMIC_NO_PIC = NO;
				GCC_NO_COMMON_BLOCKS = YES;
				GCC_OPTIMIZATION_LEVEL = 0;
				GCC_PREPROCESSOR_DEFINITIONS = (
					"DEBUG=1",
					"$(inherited)",
				);
				GCC_WARN_64_TO_32_BIT_CONVERSION = YES;
				GCC_WARN_ABOUT_RETURN_TYPE = YES_ERROR;
				GCC_WARN_UNDECLARED_SELECTOR = YES;
				GCC_WARN_UNINITIALIZED_AUTOS = YES_AGGRESSIVE;
				GCC_WARN_UNUSED_FUNCTION = YES;
				GCC_WARN_UNUSED_VARIABLE = YES;
				IPHONEOS_DEPLOYMENT_TARGET = 14.0;
				MTL_ENABLE_DEBUG_INFO = INCLUDE_SOURCE;
				MTL_FAST_MATH = YES;
				ONLY_ACTIVE_ARCH = YES;
				SDKROOT = iphoneos;
				SWIFT_ACTIVE_COMPILATION_CONDITIONS = DEBUG;
				SWIFT_OPTIMIZATION_LEVEL = "-Onone";
			};
			name = Debug;
		};
		3A3F8320282EC74600A6BEF7 /* Release */ = {
			isa = XCBuildConfiguration;
			buildSettings = {
				ALWAYS_SEARCH_USER_PATHS = NO;
				CLANG_ANALYZER_NONNULL = YES;
				CLANG_ANALYZER_NUMBER_OBJECT_CONVERSION = YES_AGGRESSIVE;
				CLANG_CXX_LANGUAGE_STANDARD = "gnu++17";
				CLANG_ENABLE_MODULES = YES;
				CLANG_ENABLE_OBJC_ARC = YES;
				CLANG_ENABLE_OBJC_WEAK = YES;
				CLANG_WARN_BLOCK_CAPTURE_AUTORELEASING = YES;
				CLANG_WARN_BOOL_CONVERSION = YES;
				CLANG_WARN_COMMA = YES;
				CLANG_WARN_CONSTANT_CONVERSION = YES;
				CLANG_WARN_DEPRECATED_OBJC_IMPLEMENTATIONS = YES;
				CLANG_WARN_DIRECT_OBJC_ISA_USAGE = YES_ERROR;
				CLANG_WARN_DOCUMENTATION_COMMENTS = YES;
				CLANG_WARN_EMPTY_BODY = YES;
				CLANG_WARN_ENUM_CONVERSION = YES;
				CLANG_WARN_INFINITE_RECURSION = YES;
				CLANG_WARN_INT_CONVERSION = YES;
				CLANG_WARN_NON_LITERAL_NULL_CONVERSION = YES;
				CLANG_WARN_OBJC_IMPLICIT_RETAIN_SELF = YES;
				CLANG_WARN_OBJC_LITERAL_CONVERSION = YES;
				CLANG_WARN_OBJC_ROOT_CLASS = YES_ERROR;
				CLANG_WARN_QUOTED_INCLUDE_IN_FRAMEWORK_HEADER = YES;
				CLANG_WARN_RANGE_LOOP_ANALYSIS = YES;
				CLANG_WARN_STRICT_PROTOTYPES = YES;
				CLANG_WARN_SUSPICIOUS_MOVE = YES;
				CLANG_WARN_UNGUARDED_AVAILABILITY = YES_AGGRESSIVE;
				CLANG_WARN_UNREACHABLE_CODE = YES;
				CLANG_WARN__DUPLICATE_METHOD_MATCH = YES;
				COPY_PHASE_STRIP = NO;
				DEBUG_INFORMATION_FORMAT = "dwarf-with-dsym";
				ENABLE_NS_ASSERTIONS = NO;
				ENABLE_STRICT_OBJC_MSGSEND = YES;
				GCC_C_LANGUAGE_STANDARD = gnu11;
				GCC_NO_COMMON_BLOCKS = YES;
				GCC_WARN_64_TO_32_BIT_CONVERSION = YES;
				GCC_WARN_ABOUT_RETURN_TYPE = YES_ERROR;
				GCC_WARN_UNDECLARED_SELECTOR = YES;
				GCC_WARN_UNINITIALIZED_AUTOS = YES_AGGRESSIVE;
				GCC_WARN_UNUSED_FUNCTION = YES;
				GCC_WARN_UNUSED_VARIABLE = YES;
				IPHONEOS_DEPLOYMENT_TARGET = 14.0;
				MTL_ENABLE_DEBUG_INFO = NO;
				MTL_FAST_MATH = YES;
				SDKROOT = iphoneos;
				SWIFT_COMPILATION_MODE = wholemodule;
				SWIFT_OPTIMIZATION_LEVEL = "-O";
				VALIDATE_PRODUCT = YES;
			};
			name = Release;
		};
		3A3F8322282EC74600A6BEF7 /* Debug */ = {
			isa = XCBuildConfiguration;
			buildSettings = {
				ASSETCATALOG_COMPILER_APPICON_NAME = AppIcon;
				ASSETCATALOG_COMPILER_GLOBAL_ACCENT_COLOR_NAME = AccentColor;
				CODE_SIGN_STYLE = Automatic;
				CURRENT_PROJECT_VERSION = 1;
				DEVELOPMENT_TEAM = 8J73Q43L2S;
				GENERATE_INFOPLIST_FILE = YES;
				INFOPLIST_FILE = PerevalApp/Resources/Info.plist;
				INFOPLIST_KEY_UIApplicationSupportsIndirectInputEvents = YES;
				INFOPLIST_KEY_UILaunchStoryboardName = LaunchScreen;
				INFOPLIST_KEY_UISupportedInterfaceOrientations = "UIInterfaceOrientationPortrait UIInterfaceOrientationPortraitUpsideDown UIInterfaceOrientationLandscapeLeft UIInterfaceOrientationLandscapeRight";
				INFOPLIST_KEY_UISupportedInterfaceOrientations_iPad = "UIInterfaceOrientationPortrait UIInterfaceOrientationPortraitUpsideDown UIInterfaceOrientationLandscapeLeft UIInterfaceOrientationLandscapeRight";
				INFOPLIST_KEY_UISupportedInterfaceOrientations_iPhone = "UIInterfaceOrientationPortrait UIInterfaceOrientationLandscapeLeft UIInterfaceOrientationLandscapeRight";
				IPHONEOS_DEPLOYMENT_TARGET = 14.0;
				LD_RUNPATH_SEARCH_PATHS = (
					"$(inherited)",
					"@executable_path/Frameworks",
				);
				MARKETING_VERSION = 1.0;
				PRODUCT_BUNDLE_IDENTIFIER = lt.1011.PeakApp;
				PRODUCT_NAME = "$(TARGET_NAME)";
				SWIFT_EMIT_LOC_STRINGS = YES;
				SWIFT_VERSION = 5.0;
				TARGETED_DEVICE_FAMILY = 1;
			};
			name = Debug;
		};
		3A3F8323282EC74600A6BEF7 /* Release */ = {
			isa = XCBuildConfiguration;
			buildSettings = {
				ASSETCATALOG_COMPILER_APPICON_NAME = AppIcon;
				ASSETCATALOG_COMPILER_GLOBAL_ACCENT_COLOR_NAME = AccentColor;
				CODE_SIGN_STYLE = Automatic;
				CURRENT_PROJECT_VERSION = 1;
				DEVELOPMENT_TEAM = 8J73Q43L2S;
				GENERATE_INFOPLIST_FILE = YES;
				INFOPLIST_FILE = PerevalApp/Resources/Info.plist;
				INFOPLIST_KEY_UIApplicationSupportsIndirectInputEvents = YES;
				INFOPLIST_KEY_UILaunchStoryboardName = LaunchScreen;
				INFOPLIST_KEY_UISupportedInterfaceOrientations = "UIInterfaceOrientationPortrait UIInterfaceOrientationPortraitUpsideDown UIInterfaceOrientationLandscapeLeft UIInterfaceOrientationLandscapeRight";
				INFOPLIST_KEY_UISupportedInterfaceOrientations_iPad = "UIInterfaceOrientationPortrait UIInterfaceOrientationPortraitUpsideDown UIInterfaceOrientationLandscapeLeft UIInterfaceOrientationLandscapeRight";
				INFOPLIST_KEY_UISupportedInterfaceOrientations_iPhone = "UIInterfaceOrientationPortrait UIInterfaceOrientationLandscapeLeft UIInterfaceOrientationLandscapeRight";
				IPHONEOS_DEPLOYMENT_TARGET = 14.0;
				LD_RUNPATH_SEARCH_PATHS = (
					"$(inherited)",
					"@executable_path/Frameworks",
				);
				MARKETING_VERSION = 1.0;
				PRODUCT_BUNDLE_IDENTIFIER = lt.1011.PeakApp;
				PRODUCT_NAME = "$(TARGET_NAME)";
				SWIFT_EMIT_LOC_STRINGS = YES;
				SWIFT_VERSION = 5.0;
				TARGETED_DEVICE_FAMILY = 1;
			};
			name = Release;
		};
/* End XCBuildConfiguration section */

/* Begin XCConfigurationList section */
		3A3F8308282EC74000A6BEF7 /* Build configuration list for PBXProject "PerevalApp" */ = {
			isa = XCConfigurationList;
			buildConfigurations = (
				3A3F831F282EC74600A6BEF7 /* Debug */,
				3A3F8320282EC74600A6BEF7 /* Release */,
			);
			defaultConfigurationIsVisible = 0;
			defaultConfigurationName = Release;
		};
		3A3F8321282EC74600A6BEF7 /* Build configuration list for PBXNativeTarget "PerevalApp" */ = {
			isa = XCConfigurationList;
			buildConfigurations = (
				3A3F8322282EC74600A6BEF7 /* Debug */,
				3A3F8323282EC74600A6BEF7 /* Release */,
			);
			defaultConfigurationIsVisible = 0;
			defaultConfigurationName = Release;
		};
/* End XCConfigurationList section */
	};
	rootObject = 3A3F8305282EC74000A6BEF7 /* Project object */;
}
